
Microsoft Visual Studio Solution File, Format Version 12.00
# Visual Studio Version 17
VisualStudioVersion = 17.7.34202.233
MinimumVisualStudioVersion = 10.0.40219.1
Project("{FAE04EC0-301F-11D3-BF4B-00C04F79EFBC}") = "ArquitecturaLogicaNegocio", "ArquitecturaLogicaNegocio\ArquitecturaLogicaNegocio.csproj", "{6F5AE98A-3909-483A-A9CE-DCF306B84C30}"
EndProject
Project("{FAE04EC0-301F-11D3-BF4B-00C04F79EFBC}") = "ArquitecturaEntidades", "ArquitecturaEntidades\ArquitecturaEntidades.csproj", "{38C536E9-04E4-4493-B7B6-B4423EBB992F}"
EndProject
Project("{FAE04EC0-301F-11D3-BF4B-00C04F79EFBC}") = "ArquitecturaDatos", "ArquitecturaDatos\ArquitecturaDatos.csproj", "{F25E4B25-3455-449F-9DA7-5427672FA5E0}"
EndProject
Project("{FAE04EC0-301F-11D3-BF4B-00C04F79EFBC}") = "ArquitecturaPresentación", "ArquitecturaPresentación\ArquitecturaPresentación.csproj", "{9390267F-EEC1-4315-88DF-47EF455B5B2A}"
EndProject
Global
	GlobalSection(SolutionConfigurationPlatforms) = preSolution
		Debug|Any CPU = Debug|Any CPU
		Release|Any CPU = Release|Any CPU
	EndGlobalSection
	GlobalSection(ProjectConfigurationPlatforms) = postSolution
		{6F5AE98A-3909-483A-A9CE-DCF306B84C30}.Debug|Any CPU.ActiveCfg = Debug|Any CPU
		{6F5AE98A-3909-483A-A9CE-DCF306B84C30}.Debug|Any CPU.Build.0 = Debug|Any CPU
		{6F5AE98A-3909-483A-A9CE-DCF306B84C30}.Release|Any CPU.ActiveCfg = Release|Any CPU
		{6F5AE98A-3909-483A-A9CE-DCF306B84C30}.Release|Any CPU.Build.0 = Release|Any CPU
		{38C536E9-04E4-4493-B7B6-B4423EBB992F}.Debug|Any CPU.ActiveCfg = Debug|Any CPU
		{38C536E9-04E4-4493-B7B6-B4423EBB992F}.Debug|Any CPU.Build.0 = Debug|Any CPU
		{38C536E9-04E4-4493-B7B6-B4423EBB992F}.Release|Any CPU.ActiveCfg = Release|Any CPU
		{38C536E9-04E4-4493-B7B6-B4423EBB992F}.Release|Any CPU.Build.0 = Release|Any CPU
		{F25E4B25-3455-449F-9DA7-5427672FA5E0}.Debug|Any CPU.ActiveCfg = Debug|Any CPU
		{F25E4B25-3455-449F-9DA7-5427672FA5E0}.Debug|Any CPU.Build.0 = Debug|Any CPU
		{F25E4B25-3455-449F-9DA7-5427672FA5E0}.Release|Any CPU.ActiveCfg = Release|Any CPU
		{F25E4B25-3455-449F-9DA7-5427672FA5E0}.Release|Any CPU.Build.0 = Release|Any CPU
		{9390267F-EEC1-4315-88DF-47EF455B5B2A}.Debug|Any CPU.ActiveCfg = Debug|Any CPU
		{9390267F-EEC1-4315-88DF-47EF455B5B2A}.Debug|Any CPU.Build.0 = Debug|Any CPU
		{9390267F-EEC1-4315-88DF-47EF455B5B2A}.Release|Any CPU.ActiveCfg = Release|Any CPU
		{9390267F-EEC1-4315-88DF-47EF455B5B2A}.Release|Any CPU.Build.0 = Release|Any CPU
	EndGlobalSection
	GlobalSection(SolutionProperties) = preSolution
		HideSolutionNode = FALSE
	EndGlobalSection
	GlobalSection(ExtensibilityGlobals) = postSolution
		SolutionGuid = {03FCB4B9-724D-4373-BD9C-B79435C9D19C}
	EndGlobalSection
EndGlobal
